Microsoft Visual Studio Solution File, Format Version 8.00
Project("{8BC9CEB8-8B4A-11D0-8D11-00A0C91BC942}") = "TopoMender", "TopoMender.vcproj", "{82AA905A-8A94-4CE2-BE6D-1F425B00E518}"
	ProjectSection(ProjectDependencies) = postProject
	EndProjectSection
EndProject
Global
	GlobalSection(SolutionConfiguration) = preSolution
		Debug = Debug
		Release = Release
	EndGlobalSection
	GlobalSection(ProjectConfiguration) = postSolution
		{82AA905A-8A94-4CE2-BE6D-1F425B00E518}.Debug.ActiveCfg = Debug|Win32
		{82AA905A-8A94-4CE2-BE6D-1F425B00E518}.Debug.Build.0 = Debug|Win32
		{82AA905A-8A94-4CE2-BE6D-1F425B00E518}.Release.ActiveCfg = Release|Win32
		{82AA905A-8A94-4CE2-BE6D-1F425B00E518}.Release.Build.0 = Release|Win32
	EndGlobalSection
	GlobalSection(ExtensibilityGlobals) = postSolution
	EndGlobalSection
	GlobalSection(ExtensibilityAddIns) = postSolution
	EndGlobalSection
EndGlobal
